
Microsoft Visual Studio Solution File, Format Version 12.00
# Visual Studio Version 17
VisualStudioVersion = 17.10.35013.160
MinimumVisualStudioVersion = 10.0.40219.1
Project("{FAE04EC0-301F-11D3-BF4B-00C04F79EFBC}") = "MessagingServiceBlazorApp", "src\MessagingServiceBlazorApp\MessagingServiceBlazorApp.csproj", "{BD2397AA-0239-4450-9D2E-E4A904D0049E}"
EndProject
Global
	GlobalSection(SolutionConfigurationPlatforms) = preSolution
		Debug|Any CPU = Debug|Any CPU
		Release|Any CPU = Release|Any CPU
	EndGlobalSection
	GlobalSection(ProjectConfigurationPlatforms) = postSolution
		{BD2397AA-0239-4450-9D2E-E4A904D0049E}.Debug|Any CPU.ActiveCfg = Debug|Any CPU
		{BD2397AA-0239-4450-9D2E-E4A904D0049E}.Debug|Any CPU.Build.0 = Debug|Any CPU
		{BD2397AA-0239-4450-9D2E-E4A904D0049E}.Release|Any CPU.ActiveCfg = Release|Any CPU
		{BD2397AA-0239-4450-9D2E-E4A904D0049E}.Release|Any CPU.Build.0 = Release|Any CPU
	EndGlobalSection
	GlobalSection(SolutionProperties) = preSolution
		HideSolutionNode = FALSE
	EndGlobalSection
	GlobalSection(ExtensibilityGlobals) = postSolution
		SolutionGuid = {79D62176-9435-49EB-83F5-9D81621173F1}
	EndGlobalSection
EndGlobal
